
Microsoft Visual Studio Solution File, Format Version 12.00
# Visual Studio Version 17
VisualStudioVersion = 17.4.33213.308
MinimumVisualStudioVersion = 10.0.40219.1
Project("{9A19103F-16F7-4668-BE54-9A1E7A4F7556}") = "st10067195", "ConsoleApp5\st10067195.csproj", "{61A6A747-07E5-4D98-9FBF-15DA685603AF}"
EndProject
Global
	GlobalSection(SolutionConfigurationPlatforms) = preSolution
		Debug|Any CPU = Debug|Any CPU
		Release|Any CPU = Release|Any CPU
	EndGlobalSection
	GlobalSection(ProjectConfigurationPlatforms) = postSolution
		{61A6A747-07E5-4D98-9FBF-15DA685603AF}.Debug|Any CPU.ActiveCfg = Debug|Any CPU
		{61A6A747-07E5-4D98-9FBF-15DA685603AF}.Debug|Any CPU.Build.0 = Debug|Any CPU
		{61A6A747-07E5-4D98-9FBF-15DA685603AF}.Release|Any CPU.ActiveCfg = Release|Any CPU
		{61A6A747-07E5-4D98-9FBF-15DA685603AF}.Release|Any CPU.Build.0 = Release|Any CPU
	EndGlobalSection
	GlobalSection(SolutionProperties) = preSolution
		HideSolutionNode = FALSE
	EndGlobalSection
	GlobalSection(ExtensibilityGlobals) = postSolution
		SolutionGuid = {74D71653-3FF3-4AB0-AEE7-B0C0A8CF952C}
	EndGlobalSection
EndGlobal
